// !$*UTF8*$!
{
	archiveVersion = 1;
	classes = {
	};
	objectVersion = 56;
	objects = {

/* Begin PBXBuildFile section */
		BA5B79812BD2E802009146B0 /* ContentView.swift in Sources */ = {isa = PBXBuildFile; fileRef = BA5B79802BD2E802009146B0 /* ContentView.swift */; };
		BA5B79832BD2E803009146B0 /* Assets.xcassets in Resources */ = {isa = PBXBuildFile; fileRef = BA5B79822BD2E803009146B0 /* Assets.xcassets */; };
		BA5B79872BD2E803009146B0 /* Preview Assets.xcassets in Resources */ = {isa = PBXBuildFile; fileRef = BA5B79862BD2E803009146B0 /* Preview Assets.xcassets */; };
		BA5B798E2BD2E894009146B0 /* Constants.swift in Sources */ = {isa = PBXBuildFile; fileRef = BA5B798D2BD2E894009146B0 /* Constants.swift */; };
		BA5B79902BD2E89C009146B0 /* InvoiceView.swift in Sources */ = {isa = PBXBuildFile; fileRef = BA5B798F2BD2E89C009146B0 /* InvoiceView.swift */; };
		BA5B79922BD2E8A9009146B0 /* invcrMobileApp.swift in Sources */ = {isa = PBXBuildFile; fileRef = BA5B79912BD2E8A9009146B0 /* invcrMobileApp.swift */; };
		BA5B79942BD2E8B4009146B0 /* Invoice.swift in Sources */ = {isa = PBXBuildFile; fileRef = BA5B79932BD2E8B4009146B0 /* Invoice.swift */; };
		BA5B79982BD2E8CE009146B0 /* Item.swift in Sources */ = {isa = PBXBuildFile; fileRef = BA5B79972BD2E8CE009146B0 /* Item.swift */; };
		BA5B799A2BD2E8D2009146B0 /* ItemsView.swift in Sources */ = {isa = PBXBuildFile; fileRef = BA5B79992BD2E8D2009146B0 /* ItemsView.swift */; };
		BA5B799E2BD2E8DF009146B0 /* PDFCreator.swift in Sources */ = {isa = PBXBuildFile; fileRef = BA5B799D2BD2E8DF009146B0 /* PDFCreator.swift */; };
		BA5B79A22BD2E90E009146B0 /* PDFView.swift in Sources */ = {isa = PBXBuildFile; fileRef = BA5B79A12BD2E90E009146B0 /* PDFView.swift */; };
		BA5B79A42BD2E914009146B0 /* SharePDFView.swift in Sources */ = {isa = PBXBuildFile; fileRef = BA5B79A32BD2E914009146B0 /* SharePDFView.swift */; };
		BAED10742BD2F2F3007EB295 /* README.md in Resources */ = {isa = PBXBuildFile; fileRef = BAED10732BD2F2F3007EB295 /* README.md */; };
		BAED10882BD2FEF3007EB295 /* 05.png in Resources */ = {isa = PBXBuildFile; fileRef = BAED10832BD2FEF3007EB295 /* 05.png */; };
		BAED10892BD2FEF3007EB295 /* 04.png in Resources */ = {isa = PBXBuildFile; fileRef = BAED10842BD2FEF3007EB295 /* 04.png */; };
		BAED108A2BD2FEF3007EB295 /* 06.png in Resources */ = {isa = PBXBuildFile; fileRef = BAED10852BD2FEF3007EB295 /* 06.png */; };
		BAED108B2BD2FEF3007EB295 /* 02.png in Resources */ = {isa = PBXBuildFile; fileRef = BAED10862BD2FEF3007EB295 /* 02.png */; };
		BAED108C2BD2FEF3007EB295 /* 03.png in Resources */ = {isa = PBXBuildFile; fileRef = BAED10872BD2FEF3007EB295 /* 03.png */; };
/* End PBXBuildFile section */

/* Begin PBXFileReference section */
		BA5B797B2BD2E802009146B0 /* invcrMobile.app */ = {isa = PBXFileReference; explicitFileType = wrapper.application; includeInIndex = 0; path = invcrMobile.app; sourceTree = BUILT_PRODUCTS_DIR; };
		BA5B79802BD2E802009146B0 /* ContentView.swift */ = {isa = PBXFileReference; lastKnownFileType = sourcecode.swift; path = ContentView.swift; sourceTree = "<group>"; };
		BA5B79822BD2E803009146B0 /* Assets.xcassets */ = {isa = PBXFileReference; lastKnownFileType = folder.assetcatalog; path = Assets.xcassets; sourceTree = "<group>"; };
		BA5B79842BD2E803009146B0 /* invcrMobile.entitlements */ = {isa = PBXFileReference; lastKnownFileType = text.plist.entitlements; path = invcrMobile.entitlements; sourceTree = "<group>"; };
		BA5B79862BD2E803009146B0 /* Preview Assets.xcassets */ = {isa = PBXFileReference; lastKnownFileType = folder.assetcatalog; path = "Preview Assets.xcassets"; sourceTree = "<group>"; };
		BA5B798D2BD2E894009146B0 /* Constants.swift */ = {isa = PBXFileReference; fileEncoding = 4; lastKnownFileType = sourcecode.swift; name = Constants.swift; path = ../../invcrMobileOLD/Constants.swift; sourceTree = "<group>"; };
		BA5B798F2BD2E89C009146B0 /* InvoiceView.swift */ = {isa = PBXFileReference; fileEncoding = 4; lastKnownFileType = sourcecode.swift; name = InvoiceView.swift; path = ../../invcrMobileOLD/InvoiceView.swift; sourceTree = "<group>"; };
		BA5B79912BD2E8A9009146B0 /* invcrMobileApp.swift */ = {isa = PBXFileReference; fileEncoding = 4; lastKnownFileType = sourcecode.swift; name = invcrMobileApp.swift; path = ../../invcrMobileOLD/invcrMobileApp.swift; sourceTree = "<group>"; };
		BA5B79932BD2E8B4009146B0 /* Invoice.swift */ = {isa = PBXFileReference; fileEncoding = 4; lastKnownFileType = sourcecode.swift; name = Invoice.swift; path = ../../invcrMobileOLD/Invoice.swift; sourceTree = "<group>"; };
		BA5B79972BD2E8CE009146B0 /* Item.swift */ = {isa = PBXFileReference; fileEncoding = 4; lastKnownFileType = sourcecode.swift; name = Item.swift; path = ../../invcrMobileOLD/Item.swift; sourceTree = "<group>"; };
		BA5B79992BD2E8D2009146B0 /* ItemsView.swift */ = {isa = PBXFileReference; fileEncoding = 4; lastKnownFileType = sourcecode.swift; name = ItemsView.swift; path = ../../invcrMobileOLD/ItemsView.swift; sourceTree = "<group>"; };
		BA5B799D2BD2E8DF009146B0 /* PDFCreator.swift */ = {isa = PBXFileReference; fileEncoding = 4; lastKnownFileType = sourcecode.swift; name = PDFCreator.swift; path = ../../invcrMobileOLD/PDFCreator.swift; sourceTree = "<group>"; };
		BA5B79A12BD2E90E009146B0 /* PDFView.swift */ = {isa = PBXFileReference; fileEncoding = 4; lastKnownFileType = sourcecode.swift; name = PDFView.swift; path = ../../invcrMobileOLD/PDFView.swift; sourceTree = "<group>"; };
		BA5B79A32BD2E914009146B0 /* SharePDFView.swift */ = {isa = PBXFileReference; fileEncoding = 4; lastKnownFileType = sourcecode.swift; name = SharePDFView.swift; path = ../../invcrMobileOLD/SharePDFView.swift; sourceTree = "<group>"; };
		BAED10732BD2F2F3007EB295 /* README.md */ = {isa = PBXFileReference; lastKnownFileType = net.daringfireball.markdown; path = README.md; sourceTree = "<group>"; };
		BAED10802BD2FE61007EB295 /* 01.png */ = {isa = PBXFileReference; lastKnownFileType = image.png; path = 01.png; sourceTree = "<group>"; };
		BAED10832BD2FEF3007EB295 /* 05.png */ = {isa = PBXFileReference; lastKnownFileType = image.png; path = 05.png; sourceTree = "<group>"; };
		BAED10842BD2FEF3007EB295 /* 04.png */ = {isa = PBXFileReference; lastKnownFileType = image.png; path = 04.png; sourceTree = "<group>"; };
		BAED10852BD2FEF3007EB295 /* 06.png */ = {isa = PBXFileReference; lastKnownFileType = image.png; path = 06.png; sourceTree = "<group>"; };
		BAED10862BD2FEF3007EB295 /* 02.png */ = {isa = PBXFileReference; lastKnownFileType = image.png; path = 02.png; sourceTree = "<group>"; };
		BAED10872BD2FEF3007EB295 /* 03.png */ = {isa = PBXFileReference; lastKnownFileType = image.png; path = 03.png; sourceTree = "<group>"; };
/* End PBXFileReference section */

/* Begin PBXFrameworksBuildPhase section */
		BA5B79782BD2E802009146B0 /* Frameworks */ = {
			isa = PBXFrameworksBuildPhase;
			buildActionMask = 2147483647;
			files = (
			);
			runOnlyForDeploymentPostprocessing = 0;
		};
/* End PBXFrameworksBuildPhase section */

/* Begin PBXGroup section */
		BA5B79722BD2E802009146B0 = {
			isa = PBXGroup;
			children = (
				BAED10732BD2F2F3007EB295 /* README.md */,
				BAED10822BD2FEE8007EB295 /* images */,
				BA5B797D2BD2E802009146B0 /* invcrMobile */,
				BA5B797C2BD2E802009146B0 /* Products */,
			);
			sourceTree = "<group>";
		};
		BA5B797C2BD2E802009146B0 /* Products */ = {
			isa = PBXGroup;
			children = (
				BA5B797B2BD2E802009146B0 /* invcrMobile.app */,
			);
			name = Products;
			sourceTree = "<group>";
		};
		BA5B797D2BD2E802009146B0 /* invcrMobile */ = {
			isa = PBXGroup;
			children = (
				BA5B79A32BD2E914009146B0 /* SharePDFView.swift */,
				BA5B79A12BD2E90E009146B0 /* PDFView.swift */,
				BA5B799D2BD2E8DF009146B0 /* PDFCreator.swift */,
				BA5B79992BD2E8D2009146B0 /* ItemsView.swift */,
				BA5B79972BD2E8CE009146B0 /* Item.swift */,
				BA5B79932BD2E8B4009146B0 /* Invoice.swift */,
				BA5B798F2BD2E89C009146B0 /* InvoiceView.swift */,
				BA5B798D2BD2E894009146B0 /* Constants.swift */,
				BA5B79802BD2E802009146B0 /* ContentView.swift */,
				BA5B79822BD2E803009146B0 /* Assets.xcassets */,
				BA5B79912BD2E8A9009146B0 /* invcrMobileApp.swift */,
				BA5B79842BD2E803009146B0 /* invcrMobile.entitlements */,
				BA5B79852BD2E803009146B0 /* Preview Content */,
			);
			path = invcrMobile;
			sourceTree = "<group>";
		};
		BA5B79852BD2E803009146B0 /* Preview Content */ = {
			isa = PBXGroup;
			children = (
				BA5B79862BD2E803009146B0 /* Preview Assets.xcassets */,
			);
			path = "Preview Content";
			sourceTree = "<group>";
		};
		BAED10822BD2FEE8007EB295 /* images */ = {
			isa = PBXGroup;
			children = (
				BAED10802BD2FE61007EB295 /* 01.png */,
				BAED10862BD2FEF3007EB295 /* 02.png */,
				BAED10872BD2FEF3007EB295 /* 03.png */,
				BAED10842BD2FEF3007EB295 /* 04.png */,
				BAED10832BD2FEF3007EB295 /* 05.png */,
				BAED10852BD2FEF3007EB295 /* 06.png */,
			);
			path = images;
			sourceTree = "<group>";
		};
/* End PBXGroup section */

/* Begin PBXNativeTarget section */
		BA5B797A2BD2E802009146B0 /* invcrMobile */ = {
			isa = PBXNativeTarget;
			buildConfigurationList = BA5B798A2BD2E803009146B0 /* Build configuration list for PBXNativeTarget "invcrMobile" */;
			buildPhases = (
				BA5B79772BD2E802009146B0 /* Sources */,
				BA5B79782BD2E802009146B0 /* Frameworks */,
				BA5B79792BD2E802009146B0 /* Resources */,
			);
			buildRules = (
			);
			dependencies = (
			);
			name = invcrMobile;
			productName = invcrMobile;
			productReference = BA5B797B2BD2E802009146B0 /* invcrMobile.app */;
			productType = "com.apple.product-type.application";
		};
/* End PBXNativeTarget section */

/* Begin PBXProject section */
		BA5B79732BD2E802009146B0 /* Project object */ = {
			isa = PBXProject;
			attributes = {
				BuildIndependentTargetsInParallel = 1;
				LastSwiftUpdateCheck = 1500;
				LastUpgradeCheck = 1500;
				TargetAttributes = {
					BA5B797A2BD2E802009146B0 = {
						CreatedOnToolsVersion = 15.0.1;
					};
				};
			};
			buildConfigurationList = BA5B79762BD2E802009146B0 /* Build configuration list for PBXProject "invcrMobile" */;
			compatibilityVersion = "Xcode 14.0";
			developmentRegion = en;
			hasScannedForEncodings = 0;
			knownRegions = (
				en,
				Base,
			);
			mainGroup = BA5B79722BD2E802009146B0;
			productRefGroup = BA5B797C2BD2E802009146B0 /* Products */;
			projectDirPath = "";
			projectRoot = "";
			targets = (
				BA5B797A2BD2E802009146B0 /* invcrMobile */,
			);
		};
/* End PBXProject section */

/* Begin PBXResourcesBuildPhase section */
		BA5B79792BD2E802009146B0 /* Resources */ = {
			isa = PBXResourcesBuildPhase;
			buildActionMask = 2147483647;
			files = (
				BAED10882BD2FEF3007EB295 /* 05.png in Resources */,
				BAED10742BD2F2F3007EB295 /* README.md in Resources */,
				BAED108B2BD2FEF3007EB295 /* 02.png in Resources */,
				BAED10892BD2FEF3007EB295 /* 04.png in Resources */,
				BA5B79872BD2E803009146B0 /* Preview Assets.xcassets in Resources */,
				BAED108A2BD2FEF3007EB295 /* 06.png in Resources */,
				BAED108C2BD2FEF3007EB295 /* 03.png in Resources */,
				BA5B79832BD2E803009146B0 /* Assets.xcassets in Resources */,
			);
			runOnlyForDeploymentPostprocessing = 0;
		};
/* End PBXResourcesBuildPhase section */

/* Begin PBXSourcesBuildPhase section */
		BA5B79772BD2E802009146B0 /* Sources */ = {
			isa = PBXSourcesBuildPhase;
			buildActionMask = 2147483647;
			files = (
				BA5B799A2BD2E8D2009146B0 /* ItemsView.swift in Sources */,
				BA5B79A22BD2E90E009146B0 /* PDFView.swift in Sources */,
				BA5B79902BD2E89C009146B0 /* InvoiceView.swift in Sources */,
				BA5B79A42BD2E914009146B0 /* SharePDFView.swift in Sources */,
				BA5B79942BD2E8B4009146B0 /* Invoice.swift in Sources */,
				BA5B79922BD2E8A9009146B0 /* invcrMobileApp.swift in Sources */,
				BA5B79982BD2E8CE009146B0 /* Item.swift in Sources */,
				BA5B79812BD2E802009146B0 /* ContentView.swift in Sources */,
				BA5B799E2BD2E8DF009146B0 /* PDFCreator.swift in Sources */,
				BA5B798E2BD2E894009146B0 /* Constants.swift in Sources */,
			);
			runOnlyForDeploymentPostprocessing = 0;
		};
/* End PBXSourcesBuildPhase section */

/* Begin XCBuildConfiguration section */
		BA5B79882BD2E803009146B0 /* Debug */ = {
			isa = XCBuildConfiguration;
			buildSettings = {
				ALWAYS_SEARCH_USER_PATHS = NO;
				ASSETCATALOG_COMPILER_GENERATE_SWIFT_ASSET_SYMBOL_EXTENSIONS = YES;
				CLANG_ANALYZER_NONNULL = YES;
				CLANG_ANALYZER_NUMBER_OBJECT_CONVERSION = YES_AGGRESSIVE;
				CLANG_CXX_LANGUAGE_STANDARD = "gnu++20";
				CLANG_ENABLE_MODULES = YES;
				CLANG_ENABLE_OBJC_ARC = YES;
				CLANG_ENABLE_OBJC_WEAK = YES;
				CLANG_WARN_BLOCK_CAPTURE_AUTORELEASING = YES;
				CLANG_WARN_BOOL_CONVERSION = YES;
				CLANG_WARN_COMMA = YES;
				CLANG_WARN_CONSTANT_CONVERSION = YES;
				CLANG_WARN_DEPRECATED_OBJC_IMPLEMENTATIONS = YES;
				CLANG_WARN_DIRECT_OBJC_ISA_USAGE = YES_ERROR;
				CLANG_WARN_DOCUMENTATION_COMMENTS = YES;
				CLANG_WARN_EMPTY_BODY = YES;
				CLANG_WARN_ENUM_CONVERSION = YES;
				CLANG_WARN_INFINITE_RECURSION = YES;
				CLANG_WARN_INT_CONVERSION = YES;
				CLANG_WARN_NON_LITERAL_NULL_CONVERSION = YES;
				CLANG_WARN_OBJC_IMPLICIT_RETAIN_SELF = YES;
				CLANG_WARN_OBJC_LITERAL_CONVERSION = YES;
				CLANG_WARN_OBJC_ROOT_CLASS = YES_ERROR;
				CLANG_WARN_QUOTED_INCLUDE_IN_FRAMEWORK_HEADER = YES;
				CLANG_WARN_RANGE_LOOP_ANALYSIS = YES;
				CLANG_WARN_STRICT_PROTOTYPES = YES;
				CLANG_WARN_SUSPICIOUS_MOVE = YES;
				CLANG_WARN_UNGUARDED_AVAILABILITY = YES_AGGRESSIVE;
				CLANG_WARN_UNREACHABLE_CODE = YES;
				CLANG_WARN__DUPLICATE_METHOD_MATCH = YES;
				COPY_PHASE_STRIP = NO;
				DEBUG_INFORMATION_FORMAT = dwarf;
				ENABLE_STRICT_OBJC_MSGSEND = YES;
				ENABLE_TESTABILITY = YES;
				ENABLE_USER_SCRIPT_SANDBOXING = YES;
				GCC_C_LANGUAGE_STANDARD = gnu17;
				GCC_DYNAMIC_NO_PIC = NO;
				GCC_NO_COMMON_BLOCKS = YES;
				GCC_OPTIMIZATION_LEVEL = 0;
				GCC_PREPROCESSOR_DEFINITIONS = (
					"DEBUG=1",
					"$(inherited)",
				);
				GCC_WARN_64_TO_32_BIT_CONVERSION = YES;
				GCC_WARN_ABOUT_RETURN_TYPE = YES_ERROR;
				GCC_WARN_UNDECLARED_SELECTOR = YES;
				GCC_WARN_UNINITIALIZED_AUTOS = YES_AGGRESSIVE;
				GCC_WARN_UNUSED_FUNCTION = YES;
				GCC_WARN_UNUSED_VARIABLE = YES;
				LOCALIZATION_PREFERS_STRING_CATALOGS = YES;
				MTL_ENABLE_DEBUG_INFO = INCLUDE_SOURCE;
				MTL_FAST_MATH = YES;
				ONLY_ACTIVE_ARCH = YES;
				SWIFT_ACTIVE_COMPILATION_CONDITIONS = "DEBUG $(inherited)";
				SWIFT_OPTIMIZATION_LEVEL = "-Onone";
			};
			name = Debug;
		};
		BA5B79892BD2E803009146B0 /* Release */ = {
			isa = XCBuildConfiguration;
			buildSettings = {
				ALWAYS_SEARCH_USER_PATHS = NO;
				ASSETCATALOG_COMPILER_GENERATE_SWIFT_ASSET_SYMBOL_EXTENSIONS = YES;
				CLANG_ANALYZER_NONNULL = YES;
				CLANG_ANALYZER_NUMBER_OBJECT_CONVERSION = YES_AGGRESSIVE;
				CLANG_CXX_LANGUAGE_STANDARD = "gnu++20";
				CLANG_ENABLE_MODULES = YES;
				CLANG_ENABLE_OBJC_ARC = YES;
				CLANG_ENABLE_OBJC_WEAK = YES;
				CLANG_WARN_BLOCK_CAPTURE_AUTORELEASING = YES;
				CLANG_WARN_BOOL_CONVERSION = YES;
				CLANG_WARN_COMMA = YES;
				CLANG_WARN_CONSTANT_CONVERSION = YES;
				CLANG_WARN_DEPRECATED_OBJC_IMPLEMENTATIONS = YES;
				CLANG_WARN_DIRECT_OBJC_ISA_USAGE = YES_ERROR;
				CLANG_WARN_DOCUMENTATION_COMMENTS = YES;
				CLANG_WARN_EMPTY_BODY = YES;
				CLANG_WARN_ENUM_CONVERSION = YES;
				CLANG_WARN_INFINITE_RECURSION = YES;
				CLANG_WARN_INT_CONVERSION = YES;
				CLANG_WARN_NON_LITERAL_NULL_CONVERSION = YES;
				CLANG_WARN_OBJC_IMPLICIT_RETAIN_SELF = YES;
				CLANG_WARN_OBJC_LITERAL_CONVERSION = YES;
				CLANG_WARN_OBJC_ROOT_CLASS = YES_ERROR;
				CLANG_WARN_QUOTED_INCLUDE_IN_FRAMEWORK_HEADER = YES;
				CLANG_WARN_RANGE_LOOP_ANALYSIS = YES;
				CLANG_WARN_STRICT_PROTOTYPES = YES;
				CLANG_WARN_SUSPICIOUS_MOVE = YES;
				CLANG_WARN_UNGUARDED_AVAILABILITY = YES_AGGRESSIVE;
				CLANG_WARN_UNREACHABLE_CODE = YES;
				CLANG_WARN__DUPLICATE_METHOD_MATCH = YES;
				COPY_PHASE_STRIP = NO;
				DEBUG_INFORMATION_FORMAT = "dwarf-with-dsym";
				ENABLE_NS_ASSERTIONS = NO;
				ENABLE_STRICT_OBJC_MSGSEND = YES;
				ENABLE_USER_SCRIPT_SANDBOXING = YES;
				GCC_C_LANGUAGE_STANDARD = gnu17;
				GCC_NO_COMMON_BLOCKS = YES;
				GCC_WARN_64_TO_32_BIT_CONVERSION = YES;
				GCC_WARN_ABOUT_RETURN_TYPE = YES_ERROR;
				GCC_WARN_UNDECLARED_SELECTOR = YES;
				GCC_WARN_UNINITIALIZED_AUTOS = YES_AGGRESSIVE;
				GCC_WARN_UNUSED_FUNCTION = YES;
				GCC_WARN_UNUSED_VARIABLE = YES;
				LOCALIZATION_PREFERS_STRING_CATALOGS = YES;
				MTL_ENABLE_DEBUG_INFO = NO;
				MTL_FAST_MATH = YES;
				SWIFT_COMPILATION_MODE = wholemodule;
			};
			name = Release;
		};
		BA5B798B2BD2E803009146B0 /* Debug */ = {
			isa = XCBuildConfiguration;
			buildSettings = {
				ASSETCATALOG_COMPILER_APPICON_NAME = AppIcon;
				ASSETCATALOG_COMPILER_GLOBAL_ACCENT_COLOR_NAME = AccentColor;
				CODE_SIGN_ENTITLEMENTS = invcrMobile/invcrMobile.entitlements;
				CODE_SIGN_STYLE = Automatic;
				CURRENT_PROJECT_VERSION = 1;
				DEVELOPMENT_ASSET_PATHS = "\"invcrMobile/Preview Content\"";
				ENABLE_PREVIEWS = YES;
				GENERATE_INFOPLIST_FILE = YES;
				INFOPLIST_KEY_CFBundleDisplayName = invcr;
				"INFOPLIST_KEY_UIApplicationSceneManifest_Generation[sdk=iphoneos*]" = YES;
				"INFOPLIST_KEY_UIApplicationSceneManifest_Generation[sdk=iphonesimulator*]" = YES;
				"INFOPLIST_KEY_UIApplicationSupportsIndirectInputEvents[sdk=iphoneos*]" = YES;
				"INFOPLIST_KEY_UIApplicationSupportsIndirectInputEvents[sdk=iphonesimulator*]" = YES;
				"INFOPLIST_KEY_UILaunchScreen_Generation[sdk=iphoneos*]" = YES;
				"INFOPLIST_KEY_UILaunchScreen_Generation[sdk=iphonesimulator*]" = YES;
				"INFOPLIST_KEY_UIStatusBarStyle[sdk=iphoneos*]" = UIStatusBarStyleDefault;
				"INFOPLIST_KEY_UIStatusBarStyle[sdk=iphonesimulator*]" = UIStatusBarStyleDefault;
				INFOPLIST_KEY_UISupportedInterfaceOrientations_iPad = "UIInterfaceOrientationPortrait UIInterfaceOrientationPortraitUpsideDown UIInterfaceOrientationLandscapeLeft UIInterfaceOrientationLandscapeRight";
				INFOPLIST_KEY_UISupportedInterfaceOrientations_iPhone = "UIInterfaceOrientationPortrait UIInterfaceOrientationLandscapeLeft UIInterfaceOrientationLandscapeRight";
				IPHONEOS_DEPLOYMENT_TARGET = 17.0;
				LD_RUNPATH_SEARCH_PATHS = "@executable_path/Frameworks";
				"LD_RUNPATH_SEARCH_PATHS[sdk=macosx*]" = "@executable_path/../Frameworks";
				MACOSX_DEPLOYMENT_TARGET = 14.0;
				MARKETING_VERSION = 1.0;
				PRODUCT_BUNDLE_IDENTIFIER = io.invcr.invcrMobile;
				PRODUCT_NAME = "$(TARGET_NAME)";
				SDKROOT = auto;
				SUPPORTED_PLATFORMS = "iphoneos iphonesimulator macosx";
				SWIFT_EMIT_LOC_STRINGS = YES;
				SWIFT_VERSION = 5.0;
				TARGETED_DEVICE_FAMILY = "1,2";
			};
			name = Debug;
		};
		BA5B798C2BD2E803009146B0 /* Release */ = {
			isa = XCBuildConfiguration;
			buildSettings = {
				ASSETCATALOG_COMPILER_APPICON_NAME = AppIcon;
				ASSETCATALOG_COMPILER_GLOBAL_ACCENT_COLOR_NAME = AccentColor;
				CODE_SIGN_ENTITLEMENTS = invcrMobile/invcrMobile.entitlements;
				CODE_SIGN_STYLE = Automatic;
				CURRENT_PROJECT_VERSION = 1;
				DEVELOPMENT_ASSET_PATHS = "\"invcrMobile/Preview Content\"";
				ENABLE_PREVIEWS = YES;
				GENERATE_INFOPLIST_FILE = YES;
				INFOPLIST_KEY_CFBundleDisplayName = invcr;
				"INFOPLIST_KEY_UIApplicationSceneManifest_Generation[sdk=iphoneos*]" = YES;
				"INFOPLIST_KEY_UIApplicationSceneManifest_Generation[sdk=iphonesimulator*]" = YES;
				"INFOPLIST_KEY_UIApplicationSupportsIndirectInputEvents[sdk=iphoneos*]" = YES;
				"INFOPLIST_KEY_UIApplicationSupportsIndirectInputEvents[sdk=iphonesimulator*]" = YES;
				"INFOPLIST_KEY_UILaunchScreen_Generation[sdk=iphoneos*]" = YES;
				"INFOPLIST_KEY_UILaunchScreen_Generation[sdk=iphonesimulator*]" = YES;
				"INFOPLIST_KEY_UIStatusBarStyle[sdk=iphoneos*]" = UIStatusBarStyleDefault;
				"INFOPLIST_KEY_UIStatusBarStyle[sdk=iphonesimulator*]" = UIStatusBarStyleDefault;
				INFOPLIST_KEY_UISupportedInterfaceOrientations_iPad = "UIInterfaceOrientationPortrait UIInterfaceOrientationPortraitUpsideDown UIInterfaceOrientationLandscapeLeft UIInterfaceOrientationLandscapeRight";
				INFOPLIST_KEY_UISupportedInterfaceOrientations_iPhone = "UIInterfaceOrientationPortrait UIInterfaceOrientationLandscapeLeft UIInterfaceOrientationLandscapeRight";
				IPHONEOS_DEPLOYMENT_TARGET = 17.0;
				LD_RUNPATH_SEARCH_PATHS = "@executable_path/Frameworks";
				"LD_RUNPATH_SEARCH_PATHS[sdk=macosx*]" = "@executable_path/../Frameworks";
				MACOSX_DEPLOYMENT_TARGET = 14.0;
				MARKETING_VERSION = 1.0;
				PRODUCT_BUNDLE_IDENTIFIER = io.invcr.invcrMobile;
				PRODUCT_NAME = "$(TARGET_NAME)";
				SDKROOT = auto;
				SUPPORTED_PLATFORMS = "iphoneos iphonesimulator macosx";
				SWIFT_EMIT_LOC_STRINGS = YES;
				SWIFT_VERSION = 5.0;
				TARGETED_DEVICE_FAMILY = "1,2";
			};
			name = Release;
		};
/* End XCBuildConfiguration section */

/* Begin XCConfigurationList section */
		BA5B79762BD2E802009146B0 /* Build configuration list for PBXProject "invcrMobile" */ = {
			isa = XCConfigurationList;
			buildConfigurations = (
				BA5B79882BD2E803009146B0 /* Debug */,
				BA5B79892BD2E803009146B0 /* Release */,
			);
			defaultConfigurationIsVisible = 0;
			defaultConfigurationName = Release;
		};
		BA5B798A2BD2E803009146B0 /* Build configuration list for PBXNativeTarget "invcrMobile" */ = {
			isa = XCConfigurationList;
			buildConfigurations = (
				BA5B798B2BD2E803009146B0 /* Debug */,
				BA5B798C2BD2E803009146B0 /* Release */,
			);
			defaultConfigurationIsVisible = 0;
			defaultConfigurationName = Release;
		};
/* End XCConfigurationList section */
	};
	rootObject = BA5B79732BD2E802009146B0 /* Project object */;
}
